// !$*UTF8*$!
{
 archiveVersion = 1; classes = {}; objectVersion = 56;
 objects = {
 A00000000000000000000001 = {isa = PBXProject; attributes = {LastUpgradeCheck = 2700;}; buildConfigurationList = A00000000000000000000010; compatibilityVersion = "Xcode 14.0"; developmentRegion = en; hasScannedForEncodings = 0; knownRegions = (en, Base); mainGroup = A00000000000000000000002; productRefGroup = A00000000000000000000003; projectDirPath = ""; projectRoot = ""; targets = (A00000000000000000000004);};
 A00000000000000000000002 = {isa = PBXGroup; children = (A00000000000000000000005,A00000000000000000000003); sourceTree = "<group>";};
 A00000000000000000000003 = {isa = PBXGroup; children = (A00000000000000000000006); name = Products; sourceTree = "<group>";};
 A00000000000000000000004 = {isa = PBXNativeTarget; buildConfigurationList = A00000000000000000000011; buildPhases = (A00000000000000000000007,A00000000000000000000008); buildRules = (); dependencies = (); name = PDFnoBridge; productName = PDFnoBridge; productReference = A00000000000000000000006; productType = "com.apple.product-type.tool";};
 A00000000000000000000005 = {isa = PBXFileReference; lastKnownFileType = sourcecode.swift; path = Sources/PDFnoBridge/main.swift; sourceTree = "<group>";};
 A00000000000000000000006 = {isa = PBXFileReference; explicitFileType = "compiled.mach-o.executable"; includeInIndex = 0; path = PDFnoBridge; sourceTree = BUILT_PRODUCTS_DIR;};
 A00000000000000000000007 = {isa = PBXSourcesBuildPhase; buildActionMask = 2147483647; files = (A00000000000000000000009); runOnlyForDeploymentPostprocessing = 0;};
 A00000000000000000000008 = {isa = PBXFrameworksBuildPhase; buildActionMask = 2147483647; files = (); runOnlyForDeploymentPostprocessing = 0;};
 A00000000000000000000009 = {isa = PBXBuildFile; fileRef = A00000000000000000000005;};
 A00000000000000000000010 = {isa = XCConfigurationList; buildConfigurations = (A00000000000000000000012,A00000000000000000000013); defaultConfigurationIsVisible = 0; defaultConfigurationName = Release;};
 A00000000000000000000011 = {isa = XCConfigurationList; buildConfigurations = (A00000000000000000000014,A00000000000000000000015); defaultConfigurationIsVisible = 0; defaultConfigurationName = Release;};
 A00000000000000000000012 = {isa = XCBuildConfiguration; buildSettings = {SDKROOT = macosx; ALWAYS_SEARCH_USER_PATHS = NO; MACOSX_DEPLOYMENT_TARGET = 13.0; SWIFT_VERSION = 6.0;}; name = Debug;};
 A00000000000000000000013 = {isa = XCBuildConfiguration; buildSettings = {SDKROOT = macosx; ALWAYS_SEARCH_USER_PATHS = NO; MACOSX_DEPLOYMENT_TARGET = 13.0; SWIFT_VERSION = 6.0;}; name = Release;};
 A00000000000000000000014 = {isa = XCBuildConfiguration; buildSettings = {PRODUCT_NAME = "$(TARGET_NAME)"; CODE_SIGNING_ALLOWED = NO; SWIFT_OPTIMIZATION_LEVEL = "-Onone";}; name = Debug;};
 A00000000000000000000015 = {isa = XCBuildConfiguration; buildSettings = {PRODUCT_NAME = "$(TARGET_NAME)"; CODE_SIGNING_ALLOWED = NO; SWIFT_OPTIMIZATION_LEVEL = "-O";}; name = Release;};
 }; rootObject = A00000000000000000000001;
}
