// !$*UTF8*$!
{
 archiveVersion = 1; classes = {}; objectVersion = 56; objects = {
 0035FE99EA2940F7FA633A58 = { isa = PBXGroup; children = (24870A8A29DD4D16C237E10F,BE53EE50E9BA2B14F11CFCEF,F18ABE134A7E8E681A9F31BF,0A3E27B8CA818264D75C8D81); sourceTree = "<group>"; };
 016F456B075024D290FB50B2 = { isa = PBXNativeTarget; buildConfigurationList = 119EA5CC395E9013FCF972F5; buildPhases = (84CA6C6008785D11D9EBA387,8F6AE40D0204655FF903AB11,F04993E640C203A23BB53F6D); buildRules = (); dependencies = (9765D8E1C6360D1AE5C971FF); name = PDFnoMobileUITests; productName = PDFnoMobileUITests; productReference = 164A821C42D4ED172020E680; productType = "com.apple.product-type.bundle.ui-testing"; };
 0A3E27B8CA818264D75C8D81 = { isa = PBXGroup; children = (961CE21166356288F619F600,DBB252CAECA39159AAE4A4B2,F52C7049768E6F5E880D283B,164A821C42D4ED172020E680); name = Products; sourceTree = "<group>"; };
 0B0C687DF8B6B8DC790B519C = { isa = XCBuildConfiguration; buildSettings = { CLANG_ENABLE_MODULES = "YES"; CLANG_WARN_DOCUMENTATION_COMMENTS = "YES"; DEBUG_INFORMATION_FORMAT = "dwarf-with-dsym"; ENABLE_TESTABILITY = "YES"; IPHONEOS_DEPLOYMENT_TARGET = "17.0"; MACOSX_DEPLOYMENT_TARGET = "14.0"; ONLY_ACTIVE_ARCH = "NO"; SWIFT_OPTIMIZATION_LEVEL = "-O"; SWIFT_VERSION = "6.0"; }; name = "Release"; };
 0B777E5175860DCD7DE7DC8F = { isa = PBXBuildFile; fileRef = F18ABE134A7E8E681A9F31BF; };
 103DF4EA1A8517E0161BAAEA = { isa = XCBuildConfiguration; buildSettings = { CODE_SIGN_IDENTITY = "-"; CODE_SIGN_STYLE = "Manual"; CURRENT_PROJECT_VERSION = "1"; DEBUG_INFORMATION_FORMAT = "dwarf"; DEVELOPMENT_TEAM = ""; ENABLE_PREVIEWS = "YES"; GENERATE_INFOPLIST_FILE = "YES"; INFOPLIST_KEY_CFBundleDisplayName = "PDFno"; INFOPLIST_KEY_LSApplicationCategoryType = "public.app-category.education"; INFOPLIST_KEY_NSPrincipalClass = "NSApplication"; MACOSX_DEPLOYMENT_TARGET = "14.0"; MARKETING_VERSION = "0.3.0"; ONLY_ACTIVE_ARCH = "YES"; PRODUCT_BUNDLE_IDENTIFIER = "org.pdfno.PDFnoMac"; PRODUCT_NAME = "$(TARGET_NAME)"; SDKROOT = "macosx"; SUPPORTED_PLATFORMS = "macosx"; SWIFT_ACTIVE_COMPILATION_CONDITIONS = "DEBUG"; SWIFT_OPTIMIZATION_LEVEL = "-Onone"; SWIFT_VERSION = "6.0"; }; name = "Debug"; };
 10B479ABE3D8FFAD780DC9CF = { isa = PBXResourcesBuildPhase; buildActionMask = 2147483647; files = (); runOnlyForDeploymentPostprocessing = 0; };
 119EA5CC395E9013FCF972F5 = { isa = XCConfigurationList; buildConfigurations = (AA92D641B698E9C64A02E047,F2A19874EFAFB03F131E4C46); defaultConfigurationIsVisible = 0; defaultConfigurationName = Release; };
 164A821C42D4ED172020E680 = { isa = PBXFileReference; explicitFileType = wrapper.cfbundle; includeInIndex = 0; path = PDFnoMobileUITests.xctest; sourceTree = BUILT_PRODUCTS_DIR; };
 1FCB39F776C8481E21F4D549 = { isa = XCSwiftPackageProductDependency; package = C780BA21F61E4BD87706C2D1; productName = PDFnoUI; };
 1FDEBA4BAFB22D8006B0EE82 = { isa = XCBuildConfiguration; buildSettings = { CODE_SIGN_IDENTITY = "-"; CODE_SIGN_STYLE = "Manual"; CURRENT_PROJECT_VERSION = "1"; DEBUG_INFORMATION_FORMAT = "dwarf-with-dsym"; DEVELOPMENT_TEAM = ""; ENABLE_PREVIEWS = "YES"; GENERATE_INFOPLIST_FILE = "YES"; INFOPLIST_KEY_CFBundleDisplayName = "PDFno"; INFOPLIST_KEY_LSApplicationCategoryType = "public.app-category.education"; INFOPLIST_KEY_NSPrincipalClass = "NSApplication"; MACOSX_DEPLOYMENT_TARGET = "14.0"; MARKETING_VERSION = "0.3.0"; ONLY_ACTIVE_ARCH = "NO"; PRODUCT_BUNDLE_IDENTIFIER = "org.pdfno.PDFnoMac"; PRODUCT_NAME = "$(TARGET_NAME)"; SDKROOT = "macosx"; SUPPORTED_PLATFORMS = "macosx"; SWIFT_OPTIMIZATION_LEVEL = "-O"; SWIFT_VERSION = "6.0"; }; name = "Release"; };
 244210E48437B6556980A702 = { isa = PBXProject; attributes = { BuildIndependentTargetsInParallel = YES; LastUpgradeCheck = 1640; TargetAttributes = { 87A9CF280F668BF0C60C1BB5 = { CreatedOnToolsVersion = 16.4; }; D8BF4927DC82C659D963C312 = { CreatedOnToolsVersion = 16.4; }; 49D40CBA5BDCE7E1649A7218 = { CreatedOnToolsVersion = 16.4; }; 016F456B075024D290FB50B2 = { CreatedOnToolsVersion = 16.4; }; }; }; buildConfigurationList = 76F8DEC3DFE0BDB465198890; compatibilityVersion = "Xcode 14.0"; developmentRegion = en; hasScannedForEncodings = 0; knownRegions = (en, Base, "zh-Hans"); mainGroup = 0035FE99EA2940F7FA633A58; packageReferences = (C780BA21F61E4BD87706C2D1); productRefGroup = 0A3E27B8CA818264D75C8D81; projectDirPath = ""; projectRoot = ""; targets = (87A9CF280F668BF0C60C1BB5,D8BF4927DC82C659D963C312,49D40CBA5BDCE7E1649A7218,016F456B075024D290FB50B2); };
 24870A8A29DD4D16C237E10F = { isa = PBXFileReference; lastKnownFileType = sourcecode.swift; path = "Apps/Mac/PDFnoMacApp.swift"; sourceTree = "<group>"; };
 313DD5BE0ADBAB215E12DD62 = { isa = PBXBuildFile; productRef = 1FCB39F776C8481E21F4D549; };
 3FDCE87B788125300B2EE55F = { isa = PBXFrameworksBuildPhase; buildActionMask = 2147483647; files = (313DD5BE0ADBAB215E12DD62); runOnlyForDeploymentPostprocessing = 0; };
 48D9570FA9331B989A15155A = { isa = PBXSourcesBuildPhase; buildActionMask = 2147483647; files = (0B777E5175860DCD7DE7DC8F); runOnlyForDeploymentPostprocessing = 0; };
 49D40CBA5BDCE7E1649A7218 = { isa = PBXNativeTarget; buildConfigurationList = 673433A28AFAB478C507FECF; buildPhases = (48D9570FA9331B989A15155A,793D8CC66E231C49043F4DC1,906549BE7F63BFF130D81DEE); buildRules = (); dependencies = (D1C5A4E4F8926E3B362EF711); name = PDFnoMacUITests; productName = PDFnoMacUITests; productReference = F52C7049768E6F5E880D283B; productType = "com.apple.product-type.bundle.ui-testing"; };
 4BC188E25845F43F691439C8 = { isa = XCBuildConfiguration; buildSettings = { CODE_SIGN_IDENTITY = "-"; CODE_SIGN_STYLE = "Manual"; CURRENT_PROJECT_VERSION = "1"; DEBUG_INFORMATION_FORMAT = "dwarf"; DEVELOPMENT_TEAM = ""; ENABLE_PREVIEWS = "YES"; GENERATE_INFOPLIST_FILE = "YES"; INFOPLIST_KEY_CFBundleDisplayName = "PDFno"; INFOPLIST_KEY_UIApplicationSceneManifest_Generation = "YES"; INFOPLIST_KEY_UILaunchScreen_Generation = "YES"; INFOPLIST_KEY_UISupportedInterfaceOrientations = "UIInterfaceOrientationPortrait UIInterfaceOrientationLandscapeLeft UIInterfaceOrientationLandscapeRight"; IPHONEOS_DEPLOYMENT_TARGET = "17.0"; MARKETING_VERSION = "0.3.0"; ONLY_ACTIVE_ARCH = "YES"; PRODUCT_BUNDLE_IDENTIFIER = "org.pdfno.PDFnoMobile"; PRODUCT_NAME = "$(TARGET_NAME)"; SDKROOT = "iphoneos"; SUPPORTED_PLATFORMS = "iphoneos iphonesimulator"; SUPPORTS_MACCATALYST = "NO"; SUPPORTS_MAC_DESIGNED_FOR_IPHONE_IPAD = "NO"; SWIFT_ACTIVE_COMPILATION_CONDITIONS = "DEBUG"; SWIFT_OPTIMIZATION_LEVEL = "-Onone"; SWIFT_VERSION = "6.0"; TARGETED_DEVICE_FAMILY = "1,2"; }; name = "Debug"; };
 5E9C113E074618251527268A = { isa = PBXContainerItemProxy; containerPortal = 244210E48437B6556980A702; proxyType = 1; remoteGlobalIDString = D8BF4927DC82C659D963C312; remoteInfo = PDFnoMobile; };
 5EFE141DB1DA5BE360D2078E = { isa = XCBuildConfiguration; buildSettings = { CODE_SIGN_IDENTITY = "-"; CODE_SIGN_STYLE = "Manual"; DEBUG_INFORMATION_FORMAT = "dwarf-with-dsym"; DEVELOPMENT_TEAM = ""; GENERATE_INFOPLIST_FILE = "YES"; MACOSX_DEPLOYMENT_TARGET = "14.0"; ONLY_ACTIVE_ARCH = "NO"; PRODUCT_BUNDLE_IDENTIFIER = "org.pdfno.PDFnoMacUITests"; PRODUCT_NAME = "$(TARGET_NAME)"; SDKROOT = "macosx"; SUPPORTED_PLATFORMS = "macosx"; SWIFT_OPTIMIZATION_LEVEL = "-O"; SWIFT_VERSION = "6.0"; TEST_TARGET_NAME = "PDFnoMac"; }; name = "Release"; };
 66E4D846901563C102793CE3 = { isa = PBXBuildFile; fileRef = F18ABE134A7E8E681A9F31BF; };
 673433A28AFAB478C507FECF = { isa = XCConfigurationList; buildConfigurations = (96D3BB9C0B679BDF663AA2CB,5EFE141DB1DA5BE360D2078E); defaultConfigurationIsVisible = 0; defaultConfigurationName = Release; };
 673C6A62EF9778EBA1EC4898 = { isa = PBXSourcesBuildPhase; buildActionMask = 2147483647; files = (F9B4BA66BD17CE1086E796C8); runOnlyForDeploymentPostprocessing = 0; };
 7233176FF8E6391207D23BAF = { isa = XCConfigurationList; buildConfigurations = (4BC188E25845F43F691439C8,886743A4B99457C46E7733B7); defaultConfigurationIsVisible = 0; defaultConfigurationName = Release; };
 73EBF6644258C120893E685D = { isa = XCBuildConfiguration; buildSettings = { CLANG_ENABLE_MODULES = "YES"; CLANG_WARN_DOCUMENTATION_COMMENTS = "YES"; DEBUG_INFORMATION_FORMAT = "dwarf"; ENABLE_TESTABILITY = "YES"; IPHONEOS_DEPLOYMENT_TARGET = "17.0"; MACOSX_DEPLOYMENT_TARGET = "14.0"; ONLY_ACTIVE_ARCH = "YES"; SWIFT_ACTIVE_COMPILATION_CONDITIONS = "DEBUG"; SWIFT_OPTIMIZATION_LEVEL = "-Onone"; SWIFT_VERSION = "6.0"; }; name = "Debug"; };
 76F8DEC3DFE0BDB465198890 = { isa = XCConfigurationList; buildConfigurations = (73EBF6644258C120893E685D,0B0C687DF8B6B8DC790B519C); defaultConfigurationIsVisible = 0; defaultConfigurationName = Release; };
 793D8CC66E231C49043F4DC1 = { isa = PBXFrameworksBuildPhase; buildActionMask = 2147483647; files = (); runOnlyForDeploymentPostprocessing = 0; };
 7D9B91B6EB484E3A18D97022 = { isa = XCSwiftPackageProductDependency; package = C780BA21F61E4BD87706C2D1; productName = PDFnoUI; };
 84CA6C6008785D11D9EBA387 = { isa = PBXSourcesBuildPhase; buildActionMask = 2147483647; files = (66E4D846901563C102793CE3); runOnlyForDeploymentPostprocessing = 0; };
 85EEDA54CFAD468DAB9850D9 = { isa = PBXBuildFile; fileRef = BE53EE50E9BA2B14F11CFCEF; };
 87A9CF280F668BF0C60C1BB5 = { isa = PBXNativeTarget; buildConfigurationList = F54849214C027938FB97F28E; buildPhases = (673C6A62EF9778EBA1EC4898,D5FCB121AEE6A98B1C727D13,B31E96303532DDE88C2C8984); buildRules = (); dependencies = (); name = PDFnoMac; packageProductDependencies = (7D9B91B6EB484E3A18D97022); productName = PDFnoMac; productReference = 961CE21166356288F619F600; productType = "com.apple.product-type.application"; };
 886743A4B99457C46E7733B7 = { isa = XCBuildConfiguration; buildSettings = { CODE_SIGN_IDENTITY = "-"; CODE_SIGN_STYLE = "Manual"; CURRENT_PROJECT_VERSION = "1"; DEBUG_INFORMATION_FORMAT = "dwarf-with-dsym"; DEVELOPMENT_TEAM = ""; ENABLE_PREVIEWS = "YES"; GENERATE_INFOPLIST_FILE = "YES"; INFOPLIST_KEY_CFBundleDisplayName = "PDFno"; INFOPLIST_KEY_UIApplicationSceneManifest_Generation = "YES"; INFOPLIST_KEY_UILaunchScreen_Generation = "YES"; INFOPLIST_KEY_UISupportedInterfaceOrientations = "UIInterfaceOrientationPortrait UIInterfaceOrientationLandscapeLeft UIInterfaceOrientationLandscapeRight"; IPHONEOS_DEPLOYMENT_TARGET = "17.0"; MARKETING_VERSION = "0.3.0"; ONLY_ACTIVE_ARCH = "NO"; PRODUCT_BUNDLE_IDENTIFIER = "org.pdfno.PDFnoMobile"; PRODUCT_NAME = "$(TARGET_NAME)"; SDKROOT = "iphoneos"; SUPPORTED_PLATFORMS = "iphoneos iphonesimulator"; SUPPORTS_MACCATALYST = "NO"; SUPPORTS_MAC_DESIGNED_FOR_IPHONE_IPAD = "NO"; SWIFT_OPTIMIZATION_LEVEL = "-O"; SWIFT_VERSION = "6.0"; TARGETED_DEVICE_FAMILY = "1,2"; }; name = "Release"; };
 8F6AE40D0204655FF903AB11 = { isa = PBXFrameworksBuildPhase; buildActionMask = 2147483647; files = (); runOnlyForDeploymentPostprocessing = 0; };
 906549BE7F63BFF130D81DEE = { isa = PBXResourcesBuildPhase; buildActionMask = 2147483647; files = (); runOnlyForDeploymentPostprocessing = 0; };
 961CE21166356288F619F600 = { isa = PBXFileReference; explicitFileType = wrapper.application; includeInIndex = 0; path = PDFnoMac.app; sourceTree = BUILT_PRODUCTS_DIR; };
 96D3BB9C0B679BDF663AA2CB = { isa = XCBuildConfiguration; buildSettings = { CODE_SIGN_IDENTITY = "-"; CODE_SIGN_STYLE = "Manual"; DEBUG_INFORMATION_FORMAT = "dwarf"; DEVELOPMENT_TEAM = ""; GENERATE_INFOPLIST_FILE = "YES"; MACOSX_DEPLOYMENT_TARGET = "14.0"; ONLY_ACTIVE_ARCH = "YES"; PRODUCT_BUNDLE_IDENTIFIER = "org.pdfno.PDFnoMacUITests"; PRODUCT_NAME = "$(TARGET_NAME)"; SDKROOT = "macosx"; SUPPORTED_PLATFORMS = "macosx"; SWIFT_ACTIVE_COMPILATION_CONDITIONS = "DEBUG"; SWIFT_OPTIMIZATION_LEVEL = "-Onone"; SWIFT_VERSION = "6.0"; TEST_TARGET_NAME = "PDFnoMac"; }; name = "Debug"; };
 9765D8E1C6360D1AE5C971FF = { isa = PBXTargetDependency; target = D8BF4927DC82C659D963C312; targetProxy = 5E9C113E074618251527268A; };
 A7E84D5A2E2FCF5B8D26555B = { isa = PBXSourcesBuildPhase; buildActionMask = 2147483647; files = (85EEDA54CFAD468DAB9850D9); runOnlyForDeploymentPostprocessing = 0; };
 AA92D641B698E9C64A02E047 = { isa = XCBuildConfiguration; buildSettings = { CODE_SIGN_IDENTITY = "-"; CODE_SIGN_STYLE = "Manual"; DEBUG_INFORMATION_FORMAT = "dwarf"; DEVELOPMENT_TEAM = ""; GENERATE_INFOPLIST_FILE = "YES"; IPHONEOS_DEPLOYMENT_TARGET = "17.0"; ONLY_ACTIVE_ARCH = "YES"; PRODUCT_BUNDLE_IDENTIFIER = "org.pdfno.PDFnoMobileUITests"; PRODUCT_NAME = "$(TARGET_NAME)"; SDKROOT = "iphoneos"; SUPPORTED_PLATFORMS = "iphoneos iphonesimulator"; SWIFT_ACTIVE_COMPILATION_CONDITIONS = "DEBUG"; SWIFT_OPTIMIZATION_LEVEL = "-Onone"; SWIFT_VERSION = "6.0"; TARGETED_DEVICE_FAMILY = "1,2"; TEST_TARGET_NAME = "PDFnoMobile"; }; name = "Debug"; };
 B31E96303532DDE88C2C8984 = { isa = PBXResourcesBuildPhase; buildActionMask = 2147483647; files = (); runOnlyForDeploymentPostprocessing = 0; };
 BE53EE50E9BA2B14F11CFCEF = { isa = PBXFileReference; lastKnownFileType = sourcecode.swift; path = "Apps/Mobile/PDFnoMobileApp.swift"; sourceTree = "<group>"; };
 C780BA21F61E4BD87706C2D1 = { isa = XCLocalSwiftPackageReference; relativePath = Packages/PDFnoKit; };
 D1C5A4E4F8926E3B362EF711 = { isa = PBXTargetDependency; target = 87A9CF280F668BF0C60C1BB5; targetProxy = E6894F6F0EBDC060DC827F1A; };
 D5FCB121AEE6A98B1C727D13 = { isa = PBXFrameworksBuildPhase; buildActionMask = 2147483647; files = (E5A975A98730DDD2B5C9AC59); runOnlyForDeploymentPostprocessing = 0; };
 D8BF4927DC82C659D963C312 = { isa = PBXNativeTarget; buildConfigurationList = 7233176FF8E6391207D23BAF; buildPhases = (A7E84D5A2E2FCF5B8D26555B,3FDCE87B788125300B2EE55F,10B479ABE3D8FFAD780DC9CF); buildRules = (); dependencies = (); name = PDFnoMobile; packageProductDependencies = (1FCB39F776C8481E21F4D549); productName = PDFnoMobile; productReference = DBB252CAECA39159AAE4A4B2; productType = "com.apple.product-type.application"; };
 DBB252CAECA39159AAE4A4B2 = { isa = PBXFileReference; explicitFileType = wrapper.application; includeInIndex = 0; path = PDFnoMobile.app; sourceTree = BUILT_PRODUCTS_DIR; };
 E5A975A98730DDD2B5C9AC59 = { isa = PBXBuildFile; productRef = 7D9B91B6EB484E3A18D97022; };
 E6894F6F0EBDC060DC827F1A = { isa = PBXContainerItemProxy; containerPortal = 244210E48437B6556980A702; proxyType = 1; remoteGlobalIDString = 87A9CF280F668BF0C60C1BB5; remoteInfo = PDFnoMac; };
 F04993E640C203A23BB53F6D = { isa = PBXResourcesBuildPhase; buildActionMask = 2147483647; files = (); runOnlyForDeploymentPostprocessing = 0; };
 F18ABE134A7E8E681A9F31BF = { isa = PBXFileReference; lastKnownFileType = sourcecode.swift; path = "Tests/NativeUITests.swift"; sourceTree = "<group>"; };
 F2A19874EFAFB03F131E4C46 = { isa = XCBuildConfiguration; buildSettings = { CODE_SIGN_IDENTITY = "-"; CODE_SIGN_STYLE = "Manual"; DEBUG_INFORMATION_FORMAT = "dwarf-with-dsym"; DEVELOPMENT_TEAM = ""; GENERATE_INFOPLIST_FILE = "YES"; IPHONEOS_DEPLOYMENT_TARGET = "17.0"; ONLY_ACTIVE_ARCH = "NO"; PRODUCT_BUNDLE_IDENTIFIER = "org.pdfno.PDFnoMobileUITests"; PRODUCT_NAME = "$(TARGET_NAME)"; SDKROOT = "iphoneos"; SUPPORTED_PLATFORMS = "iphoneos iphonesimulator"; SWIFT_OPTIMIZATION_LEVEL = "-O"; SWIFT_VERSION = "6.0"; TARGETED_DEVICE_FAMILY = "1,2"; TEST_TARGET_NAME = "PDFnoMobile"; }; name = "Release"; };
 F52C7049768E6F5E880D283B = { isa = PBXFileReference; explicitFileType = wrapper.cfbundle; includeInIndex = 0; path = PDFnoMacUITests.xctest; sourceTree = BUILT_PRODUCTS_DIR; };
 F54849214C027938FB97F28E = { isa = XCConfigurationList; buildConfigurations = (103DF4EA1A8517E0161BAAEA,1FDEBA4BAFB22D8006B0EE82); defaultConfigurationIsVisible = 0; defaultConfigurationName = Release; };
 F9B4BA66BD17CE1086E796C8 = { isa = PBXBuildFile; fileRef = 24870A8A29DD4D16C237E10F; };
 }; rootObject = 244210E48437B6556980A702;
}
